{
  "name": "@mahkassem/mk-notifications",
  "version": "2.1.18",
  "lockfileVersion": 2,
  "requires": true,
  "packages": {
    "": {
      "name": "@mahkassem/mk-notifications",
      "version": "2.1.18",
      "license": "MIT",
      "bin": {
        "mk-notifications": "dist"
      }
    }
  }
}
